// !$*UTF8*$!
{
	archiveVersion = 1;
	classes = {
	};
	objectVersion = 46;
	objects = {

/* Begin PBXBuildFile section */
		DEC12FB61F04E0E20047CA5A /* AppDelegate.swift in Sources */ = {isa = PBXBuildFile; fileRef = DEC12FB51F04E0E20047CA5A /* AppDelegate.swift */; };
		DEC12FB81F04E0E20047CA5A /* ViewController.swift in Sources */ = {isa = PBXBuildFile; fileRef = DEC12FB71F04E0E20047CA5A /* ViewController.swift */; };
		DEC12FBB1F04E0E20047CA5A /* Main.storyboard in Resources */ = {isa = PBXBuildFile; fileRef = DEC12FB91F04E0E20047CA5A /* Main.storyboard */; };
		DEC12FBD1F04E0E20047CA5A /* Assets.xcassets in Resources */ = {isa = PBXBuildFile; fileRef = DEC12FBC1F04E0E20047CA5A /* Assets.xcassets */; };
		DEC12FC01F04E0E20047CA5A /* LaunchScreen.storyboard in Resources */ = {isa = PBXBuildFile; fileRef = DEC12FBE1F04E0E20047CA5A /* LaunchScreen.storyboard */; };
		DEC12FC81F04E1020047CA5A /* shop1-0.jpg in Resources */ = {isa = PBXBuildFile; fileRef = DEC12FC71F04E1020047CA5A /* shop1-0.jpg */; };
		DEC12FCA1F04E1BD0047CA5A /* ScrollView.swift in Sources */ = {isa = PBXBuildFile; fileRef = DEC12FC91F04E1BD0047CA5A /* ScrollView.swift */; };
/* End PBXBuildFile section */

/* Begin PBXFileReference section */
		DEC12FB21F04E0E20047CA5A /* testScrollView.app */ = {isa = PBXFileReference; explicitFileType = wrapper.application; includeInIndex = 0; path = testScrollView.app; sourceTree = BUILT_PRODUCTS_DIR; };
		DEC12FB51F04E0E20047CA5A /* AppDelegate.swift */ = {isa = PBXFileReference; lastKnownFileType = sourcecode.swift; path = AppDelegate.swift; sourceTree = "<group>"; };
		DEC12FB71F04E0E20047CA5A /* ViewController.swift */ = {isa = PBXFileReference; lastKnownFileType = sourcecode.swift; path = ViewController.swift; sourceTree = "<group>"; };
		DEC12FBA1F04E0E20047CA5A /* Base */ = {isa = PBXFileReference; lastKnownFileType = file.storyboard; name = Base; path = Base.lproj/Main.storyboard; sourceTree = "<group>"; };
		DEC12FBC1F04E0E20047CA5A /* Assets.xcassets */ = {isa = PBXFileReference; lastKnownFileType = folder.assetcatalog; path = Assets.xcassets; sourceTree = "<group>"; };
		DEC12FBF1F04E0E20047CA5A /* Base */ = {isa = PBXFileReference; lastKnownFileType = file.storyboard; name = Base; path = Base.lproj/LaunchScreen.storyboard; sourceTree = "<group>"; };
		DEC12FC11F04E0E20047CA5A /* Info.plist */ = {isa = PBXFileReference; lastKnownFileType = text.plist.xml; path = Info.plist; sourceTree = "<group>"; };
		DEC12FC71F04E1020047CA5A /* shop1-0.jpg */ = {isa = PBXFileReference; lastKnownFileType = image.jpeg; path = "shop1-0.jpg"; sourceTree = "<group>"; };
		DEC12FC91F04E1BD0047CA5A /* ScrollView.swift */ = {isa = PBXFileReference; fileEncoding = 4; lastKnownFileType = sourcecode.swift; path = ScrollView.swift; sourceTree = "<group>"; };
/* End PBXFileReference section */

/* Begin PBXFrameworksBuildPhase section */
		DEC12FAF1F04E0E20047CA5A /* Frameworks */ = {
			isa = PBXFrameworksBuildPhase;
			buildActionMask = 2147483647;
			files = (
			);
			runOnlyForDeploymentPostprocessing = 0;
		};
/* End PBXFrameworksBuildPhase section */

/* Begin PBXGroup section */
		DEC12FA91F04E0E20047CA5A = {
			isa = PBXGroup;
			children = (
				DEC12FB41F04E0E20047CA5A /* testScrollView */,
				DEC12FB31F04E0E20047CA5A /* Products */,
			);
			sourceTree = "<group>";
		};
		DEC12FB31F04E0E20047CA5A /* Products */ = {
			isa = PBXGroup;
			children = (
				DEC12FB21F04E0E20047CA5A /* testScrollView.app */,
			);
			name = Products;
			sourceTree = "<group>";
		};
		DEC12FB41F04E0E20047CA5A /* testScrollView */ = {
			isa = PBXGroup;
			children = (
				DEC12FC71F04E1020047CA5A /* shop1-0.jpg */,
				DEC12FB51F04E0E20047CA5A /* AppDelegate.swift */,
				DEC12FB71F04E0E20047CA5A /* ViewController.swift */,
				DEC12FC91F04E1BD0047CA5A /* ScrollView.swift */,
				DEC12FB91F04E0E20047CA5A /* Main.storyboard */,
				DEC12FBC1F04E0E20047CA5A /* Assets.xcassets */,
				DEC12FBE1F04E0E20047CA5A /* LaunchScreen.storyboard */,
				DEC12FC11F04E0E20047CA5A /* Info.plist */,
			);
			path = testScrollView;
			sourceTree = "<group>";
		};
/* End PBXGroup section */

/* Begin PBXNativeTarget section */
		DEC12FB11F04E0E20047CA5A /* testScrollView */ = {
			isa = PBXNativeTarget;
			buildConfigurationList = DEC12FC41F04E0E20047CA5A /* Build configuration list for PBXNativeTarget "testScrollView" */;
			buildPhases = (
				DEC12FAE1F04E0E20047CA5A /* Sources */,
				DEC12FAF1F04E0E20047CA5A /* Frameworks */,
				DEC12FB01F04E0E20047CA5A /* Resources */,
			);
			buildRules = (
			);
			dependencies = (
			);
			name = testScrollView;
			productName = testScrollView;
			productReference = DEC12FB21F04E0E20047CA5A /* testScrollView.app */;
			productType = "com.apple.product-type.application";
		};
/* End PBXNativeTarget section */

/* Begin PBXProject section */
		DEC12FAA1F04E0E20047CA5A /* Project object */ = {
			isa = PBXProject;
			attributes = {
				LastSwiftUpdateCheck = 0820;
				LastUpgradeCheck = 0820;
				ORGANIZATIONNAME = Viet;
				TargetAttributes = {
					DEC12FB11F04E0E20047CA5A = {
						CreatedOnToolsVersion = 8.2.1;
						ProvisioningStyle = Automatic;
					};
				};
			};
			buildConfigurationList = DEC12FAD1F04E0E20047CA5A /* Build configuration list for PBXProject "testScrollView" */;
			compatibilityVersion = "Xcode 3.2";
			developmentRegion = English;
			hasScannedForEncodings = 0;
			knownRegions = (
				en,
				Base,
			);
			mainGroup = DEC12FA91F04E0E20047CA5A;
			productRefGroup = DEC12FB31F04E0E20047CA5A /* Products */;
			projectDirPath = "";
			projectRoot = "";
			targets = (
				DEC12FB11F04E0E20047CA5A /* testScrollView */,
			);
		};
/* End PBXProject section */

/* Begin PBXResourcesBuildPhase section */
		DEC12FB01F04E0E20047CA5A /* Resources */ = {
			isa = PBXResourcesBuildPhase;
			buildActionMask = 2147483647;
			files = (
				DEC12FC01F04E0E20047CA5A /* LaunchScreen.storyboard in Resources */,
				DEC12FBD1F04E0E20047CA5A /* Assets.xcassets in Resources */,
				DEC12FC81F04E1020047CA5A /* shop1-0.jpg in Resources */,
				DEC12FBB1F04E0E20047CA5A /* Main.storyboard in Resources */,
			);
			runOnlyForDeploymentPostprocessing = 0;
		};
/* End PBXResourcesBuildPhase section */

/* Begin PBXSourcesBuildPhase section */
		DEC12FAE1F04E0E20047CA5A /* Sources */ = {
			isa = PBXSourcesBuildPhase;
			buildActionMask = 2147483647;
			files = (
				DEC12FB81F04E0E20047CA5A /* ViewController.swift in Sources */,
				DEC12FB61F04E0E20047CA5A /* AppDelegate.swift in Sources */,
				DEC12FCA1F04E1BD0047CA5A /* ScrollView.swift in Sources */,
			);
			runOnlyForDeploymentPostprocessing = 0;
		};
/* End PBXSourcesBuildPhase section */

/* Begin PBXVariantGroup section */
		DEC12FB91F04E0E20047CA5A /* Main.storyboard */ = {
			isa = PBXVariantGroup;
			children = (
				DEC12FBA1F04E0E20047CA5A /* Base */,
			);
			name = Main.storyboard;
			sourceTree = "<group>";
		};
		DEC12FBE1F04E0E20047CA5A /* LaunchScreen.storyboard */ = {
			isa = PBXVariantGroup;
			children = (
				DEC12FBF1F04E0E20047CA5A /* Base */,
			);
			name = LaunchScreen.storyboard;
			sourceTree = "<group>";
		};
/* End PBXVariantGroup section */

/* Begin XCBuildConfiguration section */
		DEC12FC21F04E0E20047CA5A /* Debug */ = {
			isa = XCBuildConfiguration;
			buildSettings = {
				ALWAYS_SEARCH_USER_PATHS = NO;
				CLANG_ANALYZER_NONNULL = YES;
				CLANG_CXX_LANGUAGE_STANDARD = "gnu++0x";
				CLANG_CXX_LIBRARY = "libc++";
				CLANG_ENABLE_MODULES = YES;
				CLANG_ENABLE_OBJC_ARC = YES;
				CLANG_WARN_BOOL_CONVERSION = YES;
				CLANG_WARN_CONSTANT_CONVERSION = YES;
				CLANG_WARN_DIRECT_OBJC_ISA_USAGE = YES_ERROR;
				CLANG_WARN_DOCUMENTATION_COMMENTS = YES;
				CLANG_WARN_EMPTY_BODY = YES;
				CLANG_WARN_ENUM_CONVERSION = YES;
				CLANG_WARN_INFINITE_RECURSION = YES;
				CLANG_WARN_INT_CONVERSION = YES;
				CLANG_WARN_OBJC_ROOT_CLASS = YES_ERROR;
				CLANG_WARN_SUSPICIOUS_MOVE = YES;
				CLANG_WARN_UNREACHABLE_CODE = YES;
				CLANG_WARN__DUPLICATE_METHOD_MATCH = YES;
				"CODE_SIGN_IDENTITY[sdk=iphoneos*]" = "iPhone Developer";
				COPY_PHASE_STRIP = NO;
				DEBUG_INFORMATION_FORMAT = dwarf;
				ENABLE_STRICT_OBJC_MSGSEND = YES;
				ENABLE_TESTABILITY = YES;
				GCC_C_LANGUAGE_STANDARD = gnu99;
				GCC_DYNAMIC_NO_PIC = NO;
				GCC_NO_COMMON_BLOCKS = YES;
				GCC_OPTIMIZATION_LEVEL = 0;
				GCC_PREPROCESSOR_DEFINITIONS = (
					"DEBUG=1",
					"$(inherited)",
				);
				GCC_WARN_64_TO_32_BIT_CONVERSION = YES;
				GCC_WARN_ABOUT_RETURN_TYPE = YES_ERROR;
				GCC_WARN_UNDECLARED_SELECTOR = YES;
				GCC_WARN_UNINITIALIZED_AUTOS = YES_AGGRESSIVE;
				GCC_WARN_UNUSED_FUNCTION = YES;
				GCC_WARN_UNUSED_VARIABLE = YES;
				IPHONEOS_DEPLOYMENT_TARGET = 10.2;
				MTL_ENABLE_DEBUG_INFO = YES;
				ONLY_ACTIVE_ARCH = YES;
				SDKROOT = iphoneos;
				SWIFT_ACTIVE_COMPILATION_CONDITIONS = DEBUG;
				SWIFT_OPTIMIZATION_LEVEL = "-Onone";
				TARGETED_DEVICE_FAMILY = "1,2";
			};
			name = Debug;
		};
		DEC12FC31F04E0E20047CA5A /* Release */ = {
			isa = XCBuildConfiguration;
			buildSettings = {
				ALWAYS_SEARCH_USER_PATHS = NO;
				CLANG_ANALYZER_NONNULL = YES;
				CLANG_CXX_LANGUAGE_STANDARD = "gnu++0x";
				CLANG_CXX_LIBRARY = "libc++";
				CLANG_ENABLE_MODULES = YES;
				CLANG_ENABLE_OBJC_ARC = YES;
				CLANG_WARN_BOOL_CONVERSION = YES;
				CLANG_WARN_CONSTANT_CONVERSION = YES;
				CLANG_WARN_DIRECT_OBJC_ISA_USAGE = YES_ERROR;
				CLANG_WARN_DOCUMENTATION_COMMENTS = YES;
				CLANG_WARN_EMPTY_BODY = YES;
				CLANG_WARN_ENUM_CONVERSION = YES;
				CLANG_WARN_INFINITE_RECURSION = YES;
				CLANG_WARN_INT_CONVERSION = YES;
				CLANG_WARN_OBJC_ROOT_CLASS = YES_ERROR;
				CLANG_WARN_SUSPICIOUS_MOVE = YES;
				CLANG_WARN_UNREACHABLE_CODE = YES;
				CLANG_WARN__DUPLICATE_METHOD_MATCH = YES;
				"CODE_SIGN_IDENTITY[sdk=iphoneos*]" = "iPhone Developer";
				COPY_PHASE_STRIP = NO;
				DEBUG_INFORMATION_FORMAT = "dwarf-with-dsym";
				ENABLE_NS_ASSERTIONS = NO;
				ENABLE_STRICT_OBJC_MSGSEND = YES;
				GCC_C_LANGUAGE_STANDARD = gnu99;
				GCC_NO_COMMON_BLOCKS = YES;
				GCC_WARN_64_TO_32_BIT_CONVERSION = YES;
				GCC_WARN_ABOUT_RETURN_TYPE = YES_ERROR;
				GCC_WARN_UNDECLARED_SELECTOR = YES;
				GCC_WARN_UNINITIALIZED_AUTOS = YES_AGGRESSIVE;
				GCC_WARN_UNUSED_FUNCTION = YES;
				GCC_WARN_UNUSED_VARIABLE = YES;
				IPHONEOS_DEPLOYMENT_TARGET = 10.2;
				MTL_ENABLE_DEBUG_INFO = NO;
				SDKROOT = iphoneos;
				SWIFT_OPTIMIZATION_LEVEL = "-Owholemodule";
				TARGETED_DEVICE_FAMILY = "1,2";
				VALIDATE_PRODUCT = YES;
			};
			name = Release;
		};
		DEC12FC51F04E0E20047CA5A /* Debug */ = {
			isa = XCBuildConfiguration;
			buildSettings = {
				ASSETCATALOG_COMPILER_APPICON_NAME = AppIcon;
				INFOPLIST_FILE = testScrollView/Info.plist;
				LD_RUNPATH_SEARCH_PATHS = "$(inherited) @executable_path/Frameworks";
				PRODUCT_BUNDLE_IDENTIFIER = "Viet-s-Lab.testScrollView";
				PRODUCT_NAME = "$(TARGET_NAME)";
				SWIFT_VERSION = 3.0;
			};
			name = Debug;
		};
		DEC12FC61F04E0E20047CA5A /* Release */ = {
			isa = XCBuildConfiguration;
			buildSettings = {
				ASSETCATALOG_COMPILER_APPICON_NAME = AppIcon;
				INFOPLIST_FILE = testScrollView/Info.plist;
				LD_RUNPATH_SEARCH_PATHS = "$(inherited) @executable_path/Frameworks";
				PRODUCT_BUNDLE_IDENTIFIER = "Viet-s-Lab.testScrollView";
				PRODUCT_NAME = "$(TARGET_NAME)";
				SWIFT_VERSION = 3.0;
			};
			name = Release;
		};
/* End XCBuildConfiguration section */

/* Begin XCConfigurationList section */
		DEC12FAD1F04E0E20047CA5A /* Build configuration list for PBXProject "testScrollView" */ = {
			isa = XCConfigurationList;
			buildConfigurations = (
				DEC12FC21F04E0E20047CA5A /* Debug */,
				DEC12FC31F04E0E20047CA5A /* Release */,
			);
			defaultConfigurationIsVisible = 0;
			defaultConfigurationName = Release;
		};
		DEC12FC41F04E0E20047CA5A /* Build configuration list for PBXNativeTarget "testScrollView" */ = {
			isa = XCConfigurationList;
			buildConfigurations = (
				DEC12FC51F04E0E20047CA5A /* Debug */,
				DEC12FC61F04E0E20047CA5A /* Release */,
			);
			defaultConfigurationIsVisible = 0;
		};
/* End XCConfigurationList section */
	};
	rootObject = DEC12FAA1F04E0E20047CA5A /* Project object */;
}
